
Microsoft Visual Studio Solution File, Format Version 12.00
# Visual Studio Version 16
VisualStudioVersion = 16.0.28803.202
MinimumVisualStudioVersion = 10.0.40219.1
Project("{2150E333-8FDC-42A3-9474-1A3956D46DE8}") = "License", "License", "{2080809A-FF2E-4068-9B00-F40C6D59CFFF}"
	ProjectSection(SolutionItems) = preProject
		CHANGELOG.md = CHANGELOG.md
		LICENSE.txt = LICENSE.txt
	EndProjectSection
EndProject
Project("{9A19103F-16F7-4668-BE54-9A1E7A4F7556}") = "Sudoku-Solver.Net Core", "Sudoku-Solver.Net Core\Sudoku-Solver.Net Core.csproj", "{15B100F8-86F8-43A6-85B7-136383EDD7E8}"
EndProject
Project("{2150E333-8FDC-42A3-9474-1A3956D46DE8}") = "Output", "Output", "{223E8ADE-04A8-4649-B4BA-4AE8D3162164}"
EndProject
Project("{9A19103F-16F7-4668-BE54-9A1E7A4F7556}") = "Sudoku-Solver-API.Net Core", "Sudoku-Solver-API.Net Core\Sudoku-Solver-API.Net Core.csproj", "{AFA6F06C-9AD7-4A98-BEB3-7D0658F4816A}"
EndProject
Project("{FAE04EC0-301F-11D3-BF4B-00C04F79EFBC}") = "UnitTest", "UnitTest\UnitTest.csproj", "{B2AE6031-CE96-460A-865C-7A1507802E7F}"
EndProject
Global
	GlobalSection(SolutionConfigurationPlatforms) = preSolution
		Debug|Any CPU = Debug|Any CPU
		Release|Any CPU = Release|Any CPU
	EndGlobalSection
	GlobalSection(ProjectConfigurationPlatforms) = postSolution
		{15B100F8-86F8-43A6-85B7-136383EDD7E8}.Debug|Any CPU.ActiveCfg = Debug|Any CPU
		{15B100F8-86F8-43A6-85B7-136383EDD7E8}.Debug|Any CPU.Build.0 = Debug|Any CPU
		{15B100F8-86F8-43A6-85B7-136383EDD7E8}.Release|Any CPU.ActiveCfg = Release|Any CPU
		{15B100F8-86F8-43A6-85B7-136383EDD7E8}.Release|Any CPU.Build.0 = Release|Any CPU
		{AFA6F06C-9AD7-4A98-BEB3-7D0658F4816A}.Debug|Any CPU.ActiveCfg = Debug|Any CPU
		{AFA6F06C-9AD7-4A98-BEB3-7D0658F4816A}.Debug|Any CPU.Build.0 = Debug|Any CPU
		{AFA6F06C-9AD7-4A98-BEB3-7D0658F4816A}.Release|Any CPU.ActiveCfg = Release|Any CPU
		{AFA6F06C-9AD7-4A98-BEB3-7D0658F4816A}.Release|Any CPU.Build.0 = Release|Any CPU
		{B2AE6031-CE96-460A-865C-7A1507802E7F}.Debug|Any CPU.ActiveCfg = Debug|Any CPU
		{B2AE6031-CE96-460A-865C-7A1507802E7F}.Debug|Any CPU.Build.0 = Debug|Any CPU
		{B2AE6031-CE96-460A-865C-7A1507802E7F}.Release|Any CPU.ActiveCfg = Release|Any CPU
		{B2AE6031-CE96-460A-865C-7A1507802E7F}.Release|Any CPU.Build.0 = Release|Any CPU
	EndGlobalSection
	GlobalSection(SolutionProperties) = preSolution
		HideSolutionNode = FALSE
	EndGlobalSection
	GlobalSection(NestedProjects) = preSolution
		{15B100F8-86F8-43A6-85B7-136383EDD7E8} = {223E8ADE-04A8-4649-B4BA-4AE8D3162164}
		{AFA6F06C-9AD7-4A98-BEB3-7D0658F4816A} = {223E8ADE-04A8-4649-B4BA-4AE8D3162164}
		{B2AE6031-CE96-460A-865C-7A1507802E7F} = {223E8ADE-04A8-4649-B4BA-4AE8D3162164}
	EndGlobalSection
	GlobalSection(ExtensibilityGlobals) = postSolution
		SolutionGuid = {56C03706-269B-4588-AF9E-8CB04C9536DE}
	EndGlobalSection
EndGlobal
