<?xml version="1.0" encoding="utf-8"?>
<Project ToolsVersion="4.0" xmlns="http://schemas.microsoft.com/developer/msbuild/2003">
  <ItemGroup>
    <Filter Include="Source Files">
      <UniqueIdentifier>{4FC737F1-C7A5-4376-A066-2A32D752A2FF}</UniqueIdentifier>
      <Extensions>cpp;c;cc;cxx;def;odl;idl;hpj;bat;asm;asmx</Extensions>
    </Filter>
    <Filter Include="Header Files">
      <UniqueIdentifier>{93995380-89BD-4b04-88EB-625FBE52EBFB}</UniqueIdentifier>
      <Extensions>h;hh;hpp;hxx;hm;inl;inc;ipp;xsd</Extensions>
    </Filter>
    <Filter Include="Resource Files">
      <UniqueIdentifier>{67DA6AB6-F800-4c08-8B7A-83BB121AAD01}</UniqueIdentifier>
      <Extensions>rc;ico;cur;bmp;dlg;rc2;rct;bin;rgs;gif;jpg;jpeg;jpe;resx;tiff;tif;png;wav;mfcribbon-ms</Extensions>
    </Filter>
    <Filter Include="Classes">
      <UniqueIdentifier>{d0cf7de3-3524-4d64-a168-064c693bb7d7}</UniqueIdentifier>
    </Filter>
    <Filter Include="Classes\Determine">
      <UniqueIdentifier>{7ad4b3c8-3c80-4caf-8a51-0663f7d50715}</UniqueIdentifier>
    </Filter>
    <Filter Include="Abstract Classes">
      <UniqueIdentifier>{7c380635-2968-44f1-bc9c-854073383841}</UniqueIdentifier>
    </Filter>
    <Filter Include="Abstract Classes\BaseValues">
      <UniqueIdentifier>{ec3a6da7-5e91-4fd4-8073-dcf9665c387e}</UniqueIdentifier>
    </Filter>
    <Filter Include="Abstract Classes\CanValues">
      <UniqueIdentifier>{24f45858-22ae-4de6-908e-bfdf6d12b1bc}</UniqueIdentifier>
    </Filter>
    <Filter Include="Classes\Cell">
      <UniqueIdentifier>{3e564fab-8497-46a3-80ad-94feeebcabd3}</UniqueIdentifier>
    </Filter>
    <Filter Include="Classes\SudokuGrid">
      <UniqueIdentifier>{e1098fd0-a9fd-47ea-9ab9-c021cb7d5e61}</UniqueIdentifier>
    </Filter>
    <Filter Include="Classes\GridItem">
      <UniqueIdentifier>{73d8a236-1562-47aa-97de-70dd81747b42}</UniqueIdentifier>
    </Filter>
  </ItemGroup>
  <ItemGroup>
    <ClInclude Include="stdafx.h">
      <Filter>Header Files</Filter>
    </ClInclude>
    <ClInclude Include="Resource.h">
      <Filter>Header Files</Filter>
    </ClInclude>
    <ClInclude Include="BaseValues.h">
      <Filter>Abstract Classes\BaseValues</Filter>
    </ClInclude>
    <ClInclude Include="CanValues.h">
      <Filter>Abstract Classes\CanValues</Filter>
    </ClInclude>
    <ClInclude Include="Determine.h">
      <Filter>Classes\Determine</Filter>
    </ClInclude>
    <ClInclude Include="Cell.h">
      <Filter>Classes\Cell</Filter>
    </ClInclude>
    <ClInclude Include="SudokuGrid.h">
      <Filter>Classes\SudokuGrid</Filter>
    </ClInclude>
    <ClInclude Include="GridItem.h">
      <Filter>Header Files</Filter>
    </ClInclude>
  </ItemGroup>
  <ItemGroup>
    <ClCompile Include="AssemblyInfo.cpp">
      <Filter>Source Files</Filter>
    </ClCompile>
    <ClCompile Include="stdafx.cpp">
      <Filter>Source Files</Filter>
    </ClCompile>
    <ClCompile Include="BaseValues.cpp">
      <Filter>Abstract Classes\BaseValues</Filter>
    </ClCompile>
    <ClCompile Include="CanValues.cpp">
      <Filter>Abstract Classes\CanValues</Filter>
    </ClCompile>
    <ClCompile Include="Determine.cpp">
      <Filter>Classes\Determine</Filter>
    </ClCompile>
    <ClCompile Include="Cell.cpp">
      <Filter>Classes\Cell</Filter>
    </ClCompile>
    <ClCompile Include="SudokuGrid.cpp">
      <Filter>Classes\SudokuGrid</Filter>
    </ClCompile>
    <ClCompile Include="GridItem.cpp">
      <Filter>Source Files</Filter>
    </ClCompile>
  </ItemGroup>
  <ItemGroup>
    <ResourceCompile Include="app.rc">
      <Filter>Resource Files</Filter>
    </ResourceCompile>
  </ItemGroup>
  <ItemGroup>
    <Image Include="app.ico">
      <Filter>Resource Files</Filter>
    </Image>
  </ItemGroup>
</Project>